
Microsoft Visual Studio Solution File, Format Version 12.00
# Visual Studio Version 17
VisualStudioVersion = 17.4.33403.182
MinimumVisualStudioVersion = 10.0.40219.1
Project("{FAE04EC0-301F-11D3-BF4B-00C04F79EFBC}") = "Producer", "Producer\Producer.csproj", "{770E98D8-2AF1-4B0A-A19E-332137594F2B}"
EndProject
Project("{FAE04EC0-301F-11D3-BF4B-00C04F79EFBC}") = "PanicButton.Worker", "PanicButton\PanicButton.Worker.csproj", "{F6495DD7-ADF6-4F90-B013-0C1FCA525FF8}"
EndProject
Project("{FAE04EC0-301F-11D3-BF4B-00C04F79EFBC}") = "Speeding.Worker", "Speeding\Speeding.Worker.csproj", "{9CD4FBA4-439A-4A44-811A-AF3A83671415}"
EndProject
Global
	GlobalSection(SolutionConfigurationPlatforms) = preSolution
		Debug|Any CPU = Debug|Any CPU
		Release|Any CPU = Release|Any CPU
	EndGlobalSection
	GlobalSection(ProjectConfigurationPlatforms) = postSolution
		{770E98D8-2AF1-4B0A-A19E-332137594F2B}.Debug|Any CPU.ActiveCfg = Debug|Any CPU
		{770E98D8-2AF1-4B0A-A19E-332137594F2B}.Debug|Any CPU.Build.0 = Debug|Any CPU
		{770E98D8-2AF1-4B0A-A19E-332137594F2B}.Release|Any CPU.ActiveCfg = Release|Any CPU
		{770E98D8-2AF1-4B0A-A19E-332137594F2B}.Release|Any CPU.Build.0 = Release|Any CPU
		{F6495DD7-ADF6-4F90-B013-0C1FCA525FF8}.Debug|Any CPU.ActiveCfg = Debug|Any CPU
		{F6495DD7-ADF6-4F90-B013-0C1FCA525FF8}.Debug|Any CPU.Build.0 = Debug|Any CPU
		{F6495DD7-ADF6-4F90-B013-0C1FCA525FF8}.Release|Any CPU.ActiveCfg = Release|Any CPU
		{F6495DD7-ADF6-4F90-B013-0C1FCA525FF8}.Release|Any CPU.Build.0 = Release|Any CPU
		{9CD4FBA4-439A-4A44-811A-AF3A83671415}.Debug|Any CPU.ActiveCfg = Debug|Any CPU
		{9CD4FBA4-439A-4A44-811A-AF3A83671415}.Debug|Any CPU.Build.0 = Debug|Any CPU
		{9CD4FBA4-439A-4A44-811A-AF3A83671415}.Release|Any CPU.ActiveCfg = Release|Any CPU
		{9CD4FBA4-439A-4A44-811A-AF3A83671415}.Release|Any CPU.Build.0 = Release|Any CPU
	EndGlobalSection
	GlobalSection(SolutionProperties) = preSolution
		HideSolutionNode = FALSE
	EndGlobalSection
	GlobalSection(ExtensibilityGlobals) = postSolution
		SolutionGuid = {42E6EF7D-9B81-4729-80C1-0C8EAA04252D}
	EndGlobalSection
EndGlobal
